{
  "name": "bitmovinplayer-like-plugin",
  "version": "1.0.0",
  "lockfileVersion": 2,
  "requires": true,
  "packages": {
    "": {
      "version": "1.0.0",
      "license": "ISC",
      "dependencies": {
        "bitmovin-analytics": "^2.20.0"
      }
    },
    "node_modules/bitmovin-analytics": {
      "version": "2.20.0",
      "resolved": "https://registry.npmjs.org/bitmovin-analytics/-/bitmovin-analytics-2.20.0.tgz",
      "integrity": "sha512-H5tp+Zh7CM8b+9fRJygTJtN0+kzFVguBrNowvJTveXr4S1/fVz+7Z1pAeAYojlmYk7i8Nw1EVRR4Lqti55pz/g=="
    }
  },
  "dependencies": {
    "bitmovin-analytics": {
      "version": "2.20.0",
      "resolved": "https://registry.npmjs.org/bitmovin-analytics/-/bitmovin-analytics-2.20.0.tgz",
      "integrity": "sha512-H5tp+Zh7CM8b+9fRJygTJtN0+kzFVguBrNowvJTveXr4S1/fVz+7Z1pAeAYojlmYk7i8Nw1EVRR4Lqti55pz/g=="
    }
  }
}
